
Microsoft Visual Studio Solution File, Format Version 12.00
# Visual Studio Version 16
VisualStudioVersion = 16.0.29911.84
MinimumVisualStudioVersion = 10.0.40219.1
Project("{8BC9CEB8-8B4A-11D0-8D11-00A0C91BC942}") = "BAEKJOON 1408", "BAEKJOON 1408\BAEKJOON 1408.vcxproj", "{438CB0CB-119E-4578-B452-CF6CF919AE6E}"
EndProject
Global
	GlobalSection(SolutionConfigurationPlatforms) = preSolution
		Debug|x64 = Debug|x64
		Debug|x86 = Debug|x86
		Release|x64 = Release|x64
		Release|x86 = Release|x86
	EndGlobalSection
	GlobalSection(ProjectConfigurationPlatforms) = postSolution
		{438CB0CB-119E-4578-B452-CF6CF919AE6E}.Debug|x64.ActiveCfg = Debug|x64
		{438CB0CB-119E-4578-B452-CF6CF919AE6E}.Debug|x64.Build.0 = Debug|x64
		{438CB0CB-119E-4578-B452-CF6CF919AE6E}.Debug|x86.ActiveCfg = Debug|Win32
		{438CB0CB-119E-4578-B452-CF6CF919AE6E}.Debug|x86.Build.0 = Debug|Win32
		{438CB0CB-119E-4578-B452-CF6CF919AE6E}.Release|x64.ActiveCfg = Release|x64
		{438CB0CB-119E-4578-B452-CF6CF919AE6E}.Release|x64.Build.0 = Release|x64
		{438CB0CB-119E-4578-B452-CF6CF919AE6E}.Release|x86.ActiveCfg = Release|Win32
		{438CB0CB-119E-4578-B452-CF6CF919AE6E}.Release|x86.Build.0 = Release|Win32
	EndGlobalSection
	GlobalSection(SolutionProperties) = preSolution
		HideSolutionNode = FALSE
	EndGlobalSection
	GlobalSection(ExtensibilityGlobals) = postSolution
		SolutionGuid = {AD97A57D-50A1-4454-8918-3161CAAC8EB1}
	EndGlobalSection
EndGlobal
