
Microsoft Visual Studio Solution File, Format Version 12.00
# Visual Studio Version 16
VisualStudioVersion = 16.0.29911.84
MinimumVisualStudioVersion = 10.0.40219.1
Project("{8BC9CEB8-8B4A-11D0-8D11-00A0C91BC942}") = "BEAKJOON", "BEAKJOON\BEAKJOON.vcxproj", "{DB0B5AAA-13C8-45BB-8BEC-4382D4F18037}"
EndProject
Global
	GlobalSection(SolutionConfigurationPlatforms) = preSolution
		Debug|x64 = Debug|x64
		Debug|x86 = Debug|x86
		Release|x64 = Release|x64
		Release|x86 = Release|x86
	EndGlobalSection
	GlobalSection(ProjectConfigurationPlatforms) = postSolution
		{DB0B5AAA-13C8-45BB-8BEC-4382D4F18037}.Debug|x64.ActiveCfg = Debug|x64
		{DB0B5AAA-13C8-45BB-8BEC-4382D4F18037}.Debug|x64.Build.0 = Debug|x64
		{DB0B5AAA-13C8-45BB-8BEC-4382D4F18037}.Debug|x86.ActiveCfg = Debug|Win32
		{DB0B5AAA-13C8-45BB-8BEC-4382D4F18037}.Debug|x86.Build.0 = Debug|Win32
		{DB0B5AAA-13C8-45BB-8BEC-4382D4F18037}.Release|x64.ActiveCfg = Release|x64
		{DB0B5AAA-13C8-45BB-8BEC-4382D4F18037}.Release|x64.Build.0 = Release|x64
		{DB0B5AAA-13C8-45BB-8BEC-4382D4F18037}.Release|x86.ActiveCfg = Release|Win32
		{DB0B5AAA-13C8-45BB-8BEC-4382D4F18037}.Release|x86.Build.0 = Release|Win32
	EndGlobalSection
	GlobalSection(SolutionProperties) = preSolution
		HideSolutionNode = FALSE
	EndGlobalSection
	GlobalSection(ExtensibilityGlobals) = postSolution
		SolutionGuid = {A10FB667-F26B-4E29-853D-62937E59DF39}
	EndGlobalSection
EndGlobal
